
Microsoft Visual Studio Solution File, Format Version 12.00
# Visual Studio Version 16
VisualStudioVersion = 16.0.29613.14
MinimumVisualStudioVersion = 10.0.40219.1
Project("{FAE04EC0-301F-11D3-BF4B-00C04F79EFBC}") = "Daly", "Daly.csproj", "{824FB9AD-98F4-46BD-8C5D-F77331F41E96}"
EndProject
Global
	GlobalSection(SolutionConfigurationPlatforms) = preSolution
		Debug|Any CPU = Debug|Any CPU
		Release|Any CPU = Release|Any CPU
	EndGlobalSection
	GlobalSection(ProjectConfigurationPlatforms) = postSolution
		{824FB9AD-98F4-46BD-8C5D-F77331F41E96}.Debug|Any CPU.ActiveCfg = Debug|Any CPU
		{824FB9AD-98F4-46BD-8C5D-F77331F41E96}.Debug|Any CPU.Build.0 = Debug|Any CPU
		{824FB9AD-98F4-46BD-8C5D-F77331F41E96}.Release|Any CPU.ActiveCfg = Release|Any CPU
		{824FB9AD-98F4-46BD-8C5D-F77331F41E96}.Release|Any CPU.Build.0 = Release|Any CPU
	EndGlobalSection
	GlobalSection(SolutionProperties) = preSolution
		HideSolutionNode = FALSE
	EndGlobalSection
	GlobalSection(ExtensibilityGlobals) = postSolution
		SolutionGuid = {3136C476-A260-4999-A0BB-431DF96F7D2E}
	EndGlobalSection
EndGlobal
